
Microsoft Visual Studio Solution File, Format Version 12.00
# Visual Studio Version 16
VisualStudioVersion = 16.0.32228.343
MinimumVisualStudioVersion = 10.0.40219.1
Project("{2150E333-8FDC-42A3-9474-1A3956D46DE8}") = "Solution Items", "Solution Items", "{94CBA4EF-F5B8-4D6C-B015-3533761A4E89}"
	ProjectSection(SolutionItems) = preProject
		readme.md = readme.md
	EndProjectSection
EndProject
Project("{FAE04EC0-301F-11D3-BF4B-00C04F79EFBC}") = "DataValidatorLibrary", "DataValidatorLibrary\DataValidatorLibrary.csproj", "{7FDD41EA-6186-4458-87E4-3FA1B8302E77}"
EndProject
Project("{2150E333-8FDC-42A3-9474-1A3956D46DE8}") = "C Sharp", "C Sharp", "{44AE9378-569C-4DF4-B953-41CF7C559C87}"
EndProject
Project("{FAE04EC0-301F-11D3-BF4B-00C04F79EFBC}") = "Sample1", "Sample1\Sample1.csproj", "{2EA166D4-0211-41E7-84E5-3DFC4C0CCEA6}"
EndProject
Project("{FAE04EC0-301F-11D3-BF4B-00C04F79EFBC}") = "LanguageExtensionsLibrary", "LanguageExtensionsLibrary\LanguageExtensionsLibrary.csproj", "{7F93F525-1ED4-4842-B8A0-AB1CB0D06EA8}"
EndProject
Project("{9A19103F-16F7-4668-BE54-9A1E7A4F7556}") = "BaseDataValidatorLibrary", "BaseDataValidatorLibrary\BaseDataValidatorLibrary.csproj", "{00060EFA-DC96-4E89-BD73-AE21FAEEE28D}"
EndProject
Project("{9A19103F-16F7-4668-BE54-9A1E7A4F7556}") = "BaseModelsLibrary", "BaseModelsLibrary\BaseModelsLibrary.csproj", "{A231818A-4BC5-4BD1-96D1-39D1585C564F}"
EndProject
Project("{2150E333-8FDC-42A3-9474-1A3956D46DE8}") = "Net Core", "Net Core", "{B815A26F-866F-4565-AC38-D5B22649CB71}"
EndProject
Project("{2150E333-8FDC-42A3-9474-1A3956D46DE8}") = "Net Framework", "Net Framework", "{56BFCDBC-0229-433C-9126-E84B21C3DDCC}"
EndProject
Project("{9A19103F-16F7-4668-BE54-9A1E7A4F7556}") = "NetCoreUnitTestProject", "NetCoreUnitTestProject\NetCoreUnitTestProject.csproj", "{80162276-52F6-4236-AAC3-8A40516F063E}"
EndProject
Project("{2150E333-8FDC-42A3-9474-1A3956D46DE8}") = "Annotations", "Annotations", "{68E1238C-1135-4011-A33E-679B125833BC}"
EndProject
Project("{2150E333-8FDC-42A3-9474-1A3956D46DE8}") = "Fluent Validation", "Fluent Validation", "{DEB79441-5848-417B-8F6B-663D5FA16970}"
EndProject
Project("{9A19103F-16F7-4668-BE54-9A1E7A4F7556}") = "FluentValidationUnitTests", "FluentValidationUnitTests\FluentValidationUnitTests.csproj", "{DF5DD5D3-694B-4ED5-A368-9F3A4529E4D2}"
EndProject
Project("{2150E333-8FDC-42A3-9474-1A3956D46DE8}") = "Web", "Web", "{74854B37-33D1-419E-A576-00E196049DFA}"
EndProject
Project("{9A19103F-16F7-4668-BE54-9A1E7A4F7556}") = "ValidationSample", "ValidationSample\ValidationSample.csproj", "{967919D5-5BB2-4EAD-84A4-9BEBB6A44BAF}"
EndProject
Project("{FAE04EC0-301F-11D3-BF4B-00C04F79EFBC}") = "PersonValidationConsole", "PersonValidationConsole\PersonValidationConsole.csproj", "{56BCF93C-E292-4638-8FEA-4E87D95349D0}"
EndProject
Project("{FAE04EC0-301F-11D3-BF4B-00C04F79EFBC}") = "FluentLocalLibrary", "FluentLocalLibrary\FluentLocalLibrary.csproj", "{2A14695B-CE19-436E-AB4B-EE33754B32F8}"
EndProject
Global
	GlobalSection(SolutionConfigurationPlatforms) = preSolution
		Debug|Any CPU = Debug|Any CPU
		Release|Any CPU = Release|Any CPU
	EndGlobalSection
	GlobalSection(ProjectConfigurationPlatforms) = postSolution
		{7FDD41EA-6186-4458-87E4-3FA1B8302E77}.Debug|Any CPU.ActiveCfg = Debug|Any CPU
		{7FDD41EA-6186-4458-87E4-3FA1B8302E77}.Debug|Any CPU.Build.0 = Debug|Any CPU
		{7FDD41EA-6186-4458-87E4-3FA1B8302E77}.Release|Any CPU.ActiveCfg = Release|Any CPU
		{7FDD41EA-6186-4458-87E4-3FA1B8302E77}.Release|Any CPU.Build.0 = Release|Any CPU
		{2EA166D4-0211-41E7-84E5-3DFC4C0CCEA6}.Debug|Any CPU.ActiveCfg = Debug|Any CPU
		{2EA166D4-0211-41E7-84E5-3DFC4C0CCEA6}.Debug|Any CPU.Build.0 = Debug|Any CPU
		{2EA166D4-0211-41E7-84E5-3DFC4C0CCEA6}.Release|Any CPU.ActiveCfg = Release|Any CPU
		{2EA166D4-0211-41E7-84E5-3DFC4C0CCEA6}.Release|Any CPU.Build.0 = Release|Any CPU
		{7F93F525-1ED4-4842-B8A0-AB1CB0D06EA8}.Debug|Any CPU.ActiveCfg = Debug|Any CPU
		{7F93F525-1ED4-4842-B8A0-AB1CB0D06EA8}.Debug|Any CPU.Build.0 = Debug|Any CPU
		{7F93F525-1ED4-4842-B8A0-AB1CB0D06EA8}.Release|Any CPU.ActiveCfg = Release|Any CPU
		{7F93F525-1ED4-4842-B8A0-AB1CB0D06EA8}.Release|Any CPU.Build.0 = Release|Any CPU
		{00060EFA-DC96-4E89-BD73-AE21FAEEE28D}.Debug|Any CPU.ActiveCfg = Debug|Any CPU
		{00060EFA-DC96-4E89-BD73-AE21FAEEE28D}.Debug|Any CPU.Build.0 = Debug|Any CPU
		{00060EFA-DC96-4E89-BD73-AE21FAEEE28D}.Release|Any CPU.ActiveCfg = Release|Any CPU
		{00060EFA-DC96-4E89-BD73-AE21FAEEE28D}.Release|Any CPU.Build.0 = Release|Any CPU
		{A231818A-4BC5-4BD1-96D1-39D1585C564F}.Debug|Any CPU.ActiveCfg = Debug|Any CPU
		{A231818A-4BC5-4BD1-96D1-39D1585C564F}.Debug|Any CPU.Build.0 = Debug|Any CPU
		{A231818A-4BC5-4BD1-96D1-39D1585C564F}.Release|Any CPU.ActiveCfg = Release|Any CPU
		{A231818A-4BC5-4BD1-96D1-39D1585C564F}.Release|Any CPU.Build.0 = Release|Any CPU
		{80162276-52F6-4236-AAC3-8A40516F063E}.Debug|Any CPU.ActiveCfg = Debug|Any CPU
		{80162276-52F6-4236-AAC3-8A40516F063E}.Debug|Any CPU.Build.0 = Debug|Any CPU
		{80162276-52F6-4236-AAC3-8A40516F063E}.Release|Any CPU.ActiveCfg = Release|Any CPU
		{80162276-52F6-4236-AAC3-8A40516F063E}.Release|Any CPU.Build.0 = Release|Any CPU
		{DF5DD5D3-694B-4ED5-A368-9F3A4529E4D2}.Debug|Any CPU.ActiveCfg = Debug|Any CPU
		{DF5DD5D3-694B-4ED5-A368-9F3A4529E4D2}.Debug|Any CPU.Build.0 = Debug|Any CPU
		{DF5DD5D3-694B-4ED5-A368-9F3A4529E4D2}.Release|Any CPU.ActiveCfg = Release|Any CPU
		{DF5DD5D3-694B-4ED5-A368-9F3A4529E4D2}.Release|Any CPU.Build.0 = Release|Any CPU
		{967919D5-5BB2-4EAD-84A4-9BEBB6A44BAF}.Debug|Any CPU.ActiveCfg = Debug|Any CPU
		{967919D5-5BB2-4EAD-84A4-9BEBB6A44BAF}.Debug|Any CPU.Build.0 = Debug|Any CPU
		{967919D5-5BB2-4EAD-84A4-9BEBB6A44BAF}.Release|Any CPU.ActiveCfg = Release|Any CPU
		{967919D5-5BB2-4EAD-84A4-9BEBB6A44BAF}.Release|Any CPU.Build.0 = Release|Any CPU
		{56BCF93C-E292-4638-8FEA-4E87D95349D0}.Debug|Any CPU.ActiveCfg = Debug|Any CPU
		{56BCF93C-E292-4638-8FEA-4E87D95349D0}.Debug|Any CPU.Build.0 = Debug|Any CPU
		{56BCF93C-E292-4638-8FEA-4E87D95349D0}.Release|Any CPU.ActiveCfg = Release|Any CPU
		{56BCF93C-E292-4638-8FEA-4E87D95349D0}.Release|Any CPU.Build.0 = Release|Any CPU
		{2A14695B-CE19-436E-AB4B-EE33754B32F8}.Debug|Any CPU.ActiveCfg = Debug|Any CPU
		{2A14695B-CE19-436E-AB4B-EE33754B32F8}.Debug|Any CPU.Build.0 = Debug|Any CPU
		{2A14695B-CE19-436E-AB4B-EE33754B32F8}.Release|Any CPU.ActiveCfg = Release|Any CPU
		{2A14695B-CE19-436E-AB4B-EE33754B32F8}.Release|Any CPU.Build.0 = Release|Any CPU
	EndGlobalSection
	GlobalSection(SolutionProperties) = preSolution
		HideSolutionNode = FALSE
	EndGlobalSection
	GlobalSection(NestedProjects) = preSolution
		{7FDD41EA-6186-4458-87E4-3FA1B8302E77} = {56BFCDBC-0229-433C-9126-E84B21C3DDCC}
		{2EA166D4-0211-41E7-84E5-3DFC4C0CCEA6} = {56BFCDBC-0229-433C-9126-E84B21C3DDCC}
		{7F93F525-1ED4-4842-B8A0-AB1CB0D06EA8} = {56BFCDBC-0229-433C-9126-E84B21C3DDCC}
		{00060EFA-DC96-4E89-BD73-AE21FAEEE28D} = {68E1238C-1135-4011-A33E-679B125833BC}
		{A231818A-4BC5-4BD1-96D1-39D1585C564F} = {68E1238C-1135-4011-A33E-679B125833BC}
		{B815A26F-866F-4565-AC38-D5B22649CB71} = {44AE9378-569C-4DF4-B953-41CF7C559C87}
		{56BFCDBC-0229-433C-9126-E84B21C3DDCC} = {44AE9378-569C-4DF4-B953-41CF7C559C87}
		{80162276-52F6-4236-AAC3-8A40516F063E} = {68E1238C-1135-4011-A33E-679B125833BC}
		{68E1238C-1135-4011-A33E-679B125833BC} = {B815A26F-866F-4565-AC38-D5B22649CB71}
		{DEB79441-5848-417B-8F6B-663D5FA16970} = {B815A26F-866F-4565-AC38-D5B22649CB71}
		{DF5DD5D3-694B-4ED5-A368-9F3A4529E4D2} = {DEB79441-5848-417B-8F6B-663D5FA16970}
		{74854B37-33D1-419E-A576-00E196049DFA} = {68E1238C-1135-4011-A33E-679B125833BC}
		{967919D5-5BB2-4EAD-84A4-9BEBB6A44BAF} = {74854B37-33D1-419E-A576-00E196049DFA}
		{56BCF93C-E292-4638-8FEA-4E87D95349D0} = {68E1238C-1135-4011-A33E-679B125833BC}
		{2A14695B-CE19-436E-AB4B-EE33754B32F8} = {DEB79441-5848-417B-8F6B-663D5FA16970}
	EndGlobalSection
	GlobalSection(ExtensibilityGlobals) = postSolution
		SolutionGuid = {31585ECE-38FE-4FA5-88E8-48D362BD409C}
	EndGlobalSection
EndGlobal
